
Microsoft Visual Studio Solution File, Format Version 12.00
# Visual Studio Version 16
VisualStudioVersion = 16.0.31911.196
MinimumVisualStudioVersion = 10.0.40219.1
Project("{FAE04EC0-301F-11D3-BF4B-00C04F79EFBC}") = "TMediaPlayer", "TMediaPlayer\TMediaPlayer.csproj", "{ACE6F94F-C972-429F-9368-CF559BE087F2}"
EndProject
Global
	GlobalSection(SolutionConfigurationPlatforms) = preSolution
		Debug|Any CPU = Debug|Any CPU
		Release|Any CPU = Release|Any CPU
	EndGlobalSection
	GlobalSection(ProjectConfigurationPlatforms) = postSolution
		{ACE6F94F-C972-429F-9368-CF559BE087F2}.Debug|Any CPU.ActiveCfg = Debug|Any CPU
		{ACE6F94F-C972-429F-9368-CF559BE087F2}.Debug|Any CPU.Build.0 = Debug|Any CPU
		{ACE6F94F-C972-429F-9368-CF559BE087F2}.Release|Any CPU.ActiveCfg = Release|Any CPU
		{ACE6F94F-C972-429F-9368-CF559BE087F2}.Release|Any CPU.Build.0 = Release|Any CPU
	EndGlobalSection
	GlobalSection(SolutionProperties) = preSolution
		HideSolutionNode = FALSE
	EndGlobalSection
	GlobalSection(ExtensibilityGlobals) = postSolution
		SolutionGuid = {3F2D428D-2688-4C5F-8F5F-7878BB862EBE}
	EndGlobalSection
EndGlobal
